
Microsoft Visual Studio Solution File, Format Version 12.00
# Visual Studio Version 17
VisualStudioVersion = 17.0.31903.59
MinimumVisualStudioVersion = 10.0.40219.1
Project("{2150E333-8FDC-42A3-9474-1A3956D46DE8}") = "src", "src", "{827E0CD3-B72D-47B6-A68D-7590B98EB39B}"
EndProject
Project("{FAE04EC0-301F-11D3-BF4B-00C04F79EFBC}") = "ClientManager.Core", "src\ClientManager.Core\ClientManager.Core.csproj", "{63151DDB-81C8-4694-BF16-28A78B35E313}"
EndProject
Project("{FAE04EC0-301F-11D3-BF4B-00C04F79EFBC}") = "ClientManager.Infrastructure", "src\ClientManager.Infrastructure\ClientManager.Infrastructure.csproj", "{C18AF78B-65A5-4CEA-A733-78AC529AA106}"
EndProject
Project("{FAE04EC0-301F-11D3-BF4B-00C04F79EFBC}") = "ClientManager.Api", "src\ClientManager.Api\ClientManager.Api.csproj", "{A9198D83-0085-4609-88FA-F9ED8EEC6094}"
EndProject
Project("{FAE04EC0-301F-11D3-BF4B-00C04F79EFBC}") = "ClientManager.UnitTests", "tests\ClientManager.UnitTests\ClientManager.UnitTests.csproj", "{7FB34E11-0DC9-4644-BB3B-58E2DAB4AD43}"
EndProject
Project("{FAE04EC0-301F-11D3-BF4B-00C04F79EFBC}") = "ClientManager.Web", "src\ClientManager.Web\ClientManager.Web.csproj", "{151A0FAD-1B90-40DF-9087-4F7125EB8962}"
EndProject
Project("{2150E333-8FDC-42A3-9474-1A3956D46DE8}") = "tests", "tests", "{0AB3BF05-4346-4AA6-1389-037BE0695223}"
EndProject
Project("{FAE04EC0-301F-11D3-BF4B-00C04F79EFBC}") = "ClientManager.Tests", "tests\ClientManager.Tests\ClientManager.Tests.csproj", "{FDA314FA-D589-4891-97E7-65A8FE31DEDE}"
EndProject
Global
	GlobalSection(SolutionConfigurationPlatforms) = preSolution
		Debug|Any CPU = Debug|Any CPU
		Debug|x64 = Debug|x64
		Debug|x86 = Debug|x86
		Release|Any CPU = Release|Any CPU
		Release|x64 = Release|x64
		Release|x86 = Release|x86
	EndGlobalSection
	GlobalSection(ProjectConfigurationPlatforms) = postSolution
		{63151DDB-81C8-4694-BF16-28A78B35E313}.Debug|Any CPU.ActiveCfg = Debug|Any CPU
		{63151DDB-81C8-4694-BF16-28A78B35E313}.Debug|Any CPU.Build.0 = Debug|Any CPU
		{63151DDB-81C8-4694-BF16-28A78B35E313}.Debug|x64.ActiveCfg = Debug|Any CPU
		{63151DDB-81C8-4694-BF16-28A78B35E313}.Debug|x64.Build.0 = Debug|Any CPU
		{63151DDB-81C8-4694-BF16-28A78B35E313}.Debug|x86.ActiveCfg = Debug|Any CPU
		{63151DDB-81C8-4694-BF16-28A78B35E313}.Debug|x86.Build.0 = Debug|Any CPU
		{63151DDB-81C8-4694-BF16-28A78B35E313}.Release|Any CPU.ActiveCfg = Release|Any CPU
		{63151DDB-81C8-4694-BF16-28A78B35E313}.Release|Any CPU.Build.0 = Release|Any CPU
		{63151DDB-81C8-4694-BF16-28A78B35E313}.Release|x64.ActiveCfg = Release|Any CPU
		{63151DDB-81C8-4694-BF16-28A78B35E313}.Release|x64.Build.0 = Release|Any CPU
		{63151DDB-81C8-4694-BF16-28A78B35E313}.Release|x86.ActiveCfg = Release|Any CPU
		{63151DDB-81C8-4694-BF16-28A78B35E313}.Release|x86.Build.0 = Release|Any CPU
		{C18AF78B-65A5-4CEA-A733-78AC529AA106}.Debug|Any CPU.ActiveCfg = Debug|Any CPU
		{C18AF78B-65A5-4CEA-A733-78AC529AA106}.Debug|Any CPU.Build.0 = Debug|Any CPU
		{C18AF78B-65A5-4CEA-A733-78AC529AA106}.Debug|x64.ActiveCfg = Debug|Any CPU
		{C18AF78B-65A5-4CEA-A733-78AC529AA106}.Debug|x64.Build.0 = Debug|Any CPU
		{C18AF78B-65A5-4CEA-A733-78AC529AA106}.Debug|x86.ActiveCfg = Debug|Any CPU
		{C18AF78B-65A5-4CEA-A733-78AC529AA106}.Debug|x86.Build.0 = Debug|Any CPU
		{C18AF78B-65A5-4CEA-A733-78AC529AA106}.Release|Any CPU.ActiveCfg = Release|Any CPU
		{C18AF78B-65A5-4CEA-A733-78AC529AA106}.Release|Any CPU.Build.0 = Release|Any CPU
		{C18AF78B-65A5-4CEA-A733-78AC529AA106}.Release|x64.ActiveCfg = Release|Any CPU
		{C18AF78B-65A5-4CEA-A733-78AC529AA106}.Release|x64.Build.0 = Release|Any CPU
		{C18AF78B-65A5-4CEA-A733-78AC529AA106}.Release|x86.ActiveCfg = Release|Any CPU
		{C18AF78B-65A5-4CEA-A733-78AC529AA106}.Release|x86.Build.0 = Release|Any CPU
		{A9198D83-0085-4609-88FA-F9ED8EEC6094}.Debug|Any CPU.ActiveCfg = Debug|Any CPU
		{A9198D83-0085-4609-88FA-F9ED8EEC6094}.Debug|Any CPU.Build.0 = Debug|Any CPU
		{A9198D83-0085-4609-88FA-F9ED8EEC6094}.Debug|x64.ActiveCfg = Debug|Any CPU
		{A9198D83-0085-4609-88FA-F9ED8EEC6094}.Debug|x64.Build.0 = Debug|Any CPU
		{A9198D83-0085-4609-88FA-F9ED8EEC6094}.Debug|x86.ActiveCfg = Debug|Any CPU
		{A9198D83-0085-4609-88FA-F9ED8EEC6094}.Debug|x86.Build.0 = Debug|Any CPU
		{A9198D83-0085-4609-88FA-F9ED8EEC6094}.Release|Any CPU.ActiveCfg = Release|Any CPU
		{A9198D83-0085-4609-88FA-F9ED8EEC6094}.Release|Any CPU.Build.0 = Release|Any CPU
		{A9198D83-0085-4609-88FA-F9ED8EEC6094}.Release|x64.ActiveCfg = Release|Any CPU
		{A9198D83-0085-4609-88FA-F9ED8EEC6094}.Release|x64.Build.0 = Release|Any CPU
		{A9198D83-0085-4609-88FA-F9ED8EEC6094}.Release|x86.ActiveCfg = Release|Any CPU
		{A9198D83-0085-4609-88FA-F9ED8EEC6094}.Release|x86.Build.0 = Release|Any CPU
		{7FB34E11-0DC9-4644-BB3B-58E2DAB4AD43}.Debug|Any CPU.ActiveCfg = Debug|Any CPU
		{7FB34E11-0DC9-4644-BB3B-58E2DAB4AD43}.Debug|Any CPU.Build.0 = Debug|Any CPU
		{7FB34E11-0DC9-4644-BB3B-58E2DAB4AD43}.Debug|x64.ActiveCfg = Debug|Any CPU
		{7FB34E11-0DC9-4644-BB3B-58E2DAB4AD43}.Debug|x64.Build.0 = Debug|Any CPU
		{7FB34E11-0DC9-4644-BB3B-58E2DAB4AD43}.Debug|x86.ActiveCfg = Debug|Any CPU
		{7FB34E11-0DC9-4644-BB3B-58E2DAB4AD43}.Debug|x86.Build.0 = Debug|Any CPU
		{7FB34E11-0DC9-4644-BB3B-58E2DAB4AD43}.Release|Any CPU.ActiveCfg = Release|Any CPU
		{7FB34E11-0DC9-4644-BB3B-58E2DAB4AD43}.Release|Any CPU.Build.0 = Release|Any CPU
		{7FB34E11-0DC9-4644-BB3B-58E2DAB4AD43}.Release|x64.ActiveCfg = Release|Any CPU
		{7FB34E11-0DC9-4644-BB3B-58E2DAB4AD43}.Release|x64.Build.0 = Release|Any CPU
		{7FB34E11-0DC9-4644-BB3B-58E2DAB4AD43}.Release|x86.ActiveCfg = Release|Any CPU
		{7FB34E11-0DC9-4644-BB3B-58E2DAB4AD43}.Release|x86.Build.0 = Release|Any CPU
		{151A0FAD-1B90-40DF-9087-4F7125EB8962}.Debug|Any CPU.ActiveCfg = Debug|Any CPU
		{151A0FAD-1B90-40DF-9087-4F7125EB8962}.Debug|Any CPU.Build.0 = Debug|Any CPU
		{151A0FAD-1B90-40DF-9087-4F7125EB8962}.Debug|x64.ActiveCfg = Debug|Any CPU
		{151A0FAD-1B90-40DF-9087-4F7125EB8962}.Debug|x64.Build.0 = Debug|Any CPU
		{151A0FAD-1B90-40DF-9087-4F7125EB8962}.Debug|x86.ActiveCfg = Debug|Any CPU
		{151A0FAD-1B90-40DF-9087-4F7125EB8962}.Debug|x86.Build.0 = Debug|Any CPU
		{151A0FAD-1B90-40DF-9087-4F7125EB8962}.Release|Any CPU.ActiveCfg = Release|Any CPU
		{151A0FAD-1B90-40DF-9087-4F7125EB8962}.Release|Any CPU.Build.0 = Release|Any CPU
		{151A0FAD-1B90-40DF-9087-4F7125EB8962}.Release|x64.ActiveCfg = Release|Any CPU
		{151A0FAD-1B90-40DF-9087-4F7125EB8962}.Release|x64.Build.0 = Release|Any CPU
		{151A0FAD-1B90-40DF-9087-4F7125EB8962}.Release|x86.ActiveCfg = Release|Any CPU
		{151A0FAD-1B90-40DF-9087-4F7125EB8962}.Release|x86.Build.0 = Release|Any CPU
		{FDA314FA-D589-4891-97E7-65A8FE31DEDE}.Debug|Any CPU.ActiveCfg = Debug|Any CPU
		{FDA314FA-D589-4891-97E7-65A8FE31DEDE}.Debug|Any CPU.Build.0 = Debug|Any CPU
		{FDA314FA-D589-4891-97E7-65A8FE31DEDE}.Debug|x64.ActiveCfg = Debug|Any CPU
		{FDA314FA-D589-4891-97E7-65A8FE31DEDE}.Debug|x64.Build.0 = Debug|Any CPU
		{FDA314FA-D589-4891-97E7-65A8FE31DEDE}.Debug|x86.ActiveCfg = Debug|Any CPU
		{FDA314FA-D589-4891-97E7-65A8FE31DEDE}.Debug|x86.Build.0 = Debug|Any CPU
		{FDA314FA-D589-4891-97E7-65A8FE31DEDE}.Release|Any CPU.ActiveCfg = Release|Any CPU
		{FDA314FA-D589-4891-97E7-65A8FE31DEDE}.Release|Any CPU.Build.0 = Release|Any CPU
		{FDA314FA-D589-4891-97E7-65A8FE31DEDE}.Release|x64.ActiveCfg = Release|Any CPU
		{FDA314FA-D589-4891-97E7-65A8FE31DEDE}.Release|x64.Build.0 = Release|Any CPU
		{FDA314FA-D589-4891-97E7-65A8FE31DEDE}.Release|x86.ActiveCfg = Release|Any CPU
		{FDA314FA-D589-4891-97E7-65A8FE31DEDE}.Release|x86.Build.0 = Release|Any CPU
	EndGlobalSection
	GlobalSection(SolutionProperties) = preSolution
		HideSolutionNode = FALSE
	EndGlobalSection
	GlobalSection(NestedProjects) = preSolution
		{63151DDB-81C8-4694-BF16-28A78B35E313} = {827E0CD3-B72D-47B6-A68D-7590B98EB39B}
		{C18AF78B-65A5-4CEA-A733-78AC529AA106} = {827E0CD3-B72D-47B6-A68D-7590B98EB39B}
		{A9198D83-0085-4609-88FA-F9ED8EEC6094} = {827E0CD3-B72D-47B6-A68D-7590B98EB39B}
		{7FB34E11-0DC9-4644-BB3B-58E2DAB4AD43} = {827E0CD3-B72D-47B6-A68D-7590B98EB39B}
		{151A0FAD-1B90-40DF-9087-4F7125EB8962} = {827E0CD3-B72D-47B6-A68D-7590B98EB39B}
		{FDA314FA-D589-4891-97E7-65A8FE31DEDE} = {0AB3BF05-4346-4AA6-1389-037BE0695223}
	EndGlobalSection
EndGlobal
